
Microsoft Visual Studio Solution File, Format Version 12.00
# Visual Studio 2013
VisualStudioVersion = 12.0.31101.0
MinimumVisualStudioVersion = 10.0.40219.1
Project("{FAE04EC0-301F-11D3-BF4B-00C04F79EFBC}") = "TSI.BAE.Data", "TSI.BAE.Data\TSI.BAE.Data.csproj", "{0137F793-1FB4-45B3-81F4-8C47FADAB1C0}"
EndProject
Project("{FAE04EC0-301F-11D3-BF4B-00C04F79EFBC}") = "Test", "Test\Test.csproj", "{B42A148B-9B97-4D32-956E-14072CAE0FFF}"
EndProject
Global
	GlobalSection(SolutionConfigurationPlatforms) = preSolution
		Debug|Any CPU = Debug|Any CPU
		Release|Any CPU = Release|Any CPU
	EndGlobalSection
	GlobalSection(ProjectConfigurationPlatforms) = postSolution
		{0137F793-1FB4-45B3-81F4-8C47FADAB1C0}.Debug|Any CPU.ActiveCfg = Debug|Any CPU
		{0137F793-1FB4-45B3-81F4-8C47FADAB1C0}.Debug|Any CPU.Build.0 = Debug|Any CPU
		{0137F793-1FB4-45B3-81F4-8C47FADAB1C0}.Release|Any CPU.ActiveCfg = Release|Any CPU
		{0137F793-1FB4-45B3-81F4-8C47FADAB1C0}.Release|Any CPU.Build.0 = Release|Any CPU
		{B42A148B-9B97-4D32-956E-14072CAE0FFF}.Debug|Any CPU.ActiveCfg = Debug|Any CPU
		{B42A148B-9B97-4D32-956E-14072CAE0FFF}.Debug|Any CPU.Build.0 = Debug|Any CPU
		{B42A148B-9B97-4D32-956E-14072CAE0FFF}.Release|Any CPU.ActiveCfg = Release|Any CPU
		{B42A148B-9B97-4D32-956E-14072CAE0FFF}.Release|Any CPU.Build.0 = Release|Any CPU
	EndGlobalSection
	GlobalSection(SolutionProperties) = preSolution
		HideSolutionNode = FALSE
	EndGlobalSection
EndGlobal
